
Microsoft Visual Studio Solution File, Format Version 12.00
# Visual Studio Version 16
VisualStudioVersion = 16.0.810.23
MinimumVisualStudioVersion = 10.0.40219.1
Project("{FAE04EC0-301F-11D3-BF4B-00C04F79EFBC}") = "FuelApp", "FuelApp\FuelApp.csproj", "{D2A7D97F-8D9E-4D32-B545-228059087DA3}"
EndProject
Global
	GlobalSection(SolutionConfigurationPlatforms) = preSolution
		Debug|Any CPU = Debug|Any CPU
		Release|Any CPU = Release|Any CPU
	EndGlobalSection
	GlobalSection(ProjectConfigurationPlatforms) = postSolution
		{D2A7D97F-8D9E-4D32-B545-228059087DA3}.Debug|Any CPU.ActiveCfg = Debug|Any CPU
		{D2A7D97F-8D9E-4D32-B545-228059087DA3}.Debug|Any CPU.Build.0 = Debug|Any CPU
		{D2A7D97F-8D9E-4D32-B545-228059087DA3}.Release|Any CPU.ActiveCfg = Release|Any CPU
		{D2A7D97F-8D9E-4D32-B545-228059087DA3}.Release|Any CPU.Build.0 = Release|Any CPU
	EndGlobalSection
	GlobalSection(SolutionProperties) = preSolution
		HideSolutionNode = FALSE
	EndGlobalSection
	GlobalSection(ExtensibilityGlobals) = postSolution
		SolutionGuid = {7D85CAFD-57F9-41ED-8D2F-0E8BC9A1163F}
	EndGlobalSection
EndGlobal
